// !$*UTF8*$!
{
	archiveVersion = 1;
	classes = {
	};
	objectVersion = 55;
	objects = {

/* Begin PBXBuildFile section */
		89ABB67227A83C4700CF041E /* Facility.swift in Sources */ = {isa = PBXBuildFile; fileRef = 89ABB67127A83C4700CF041E /* Facility.swift */; };
		89ADAAA227A66AB4005E00BD /* SnowSeekerApp.swift in Sources */ = {isa = PBXBuildFile; fileRef = 89ADAAA127A66AB4005E00BD /* SnowSeekerApp.swift */; };
		89ADAAA427A66AB4005E00BD /* ContentView.swift in Sources */ = {isa = PBXBuildFile; fileRef = 89ADAAA327A66AB4005E00BD /* ContentView.swift */; };
		89ADAAA627A66AC0005E00BD /* Assets.xcassets in Resources */ = {isa = PBXBuildFile; fileRef = 89ADAAA527A66AC0005E00BD /* Assets.xcassets */; };
		89ADAAA927A66AC0005E00BD /* Preview Assets.xcassets in Resources */ = {isa = PBXBuildFile; fileRef = 89ADAAA827A66AC0005E00BD /* Preview Assets.xcassets */; };
		89ADAAB027A7CA92005E00BD /* resorts.json in Resources */ = {isa = PBXBuildFile; fileRef = 89ADAAAF27A7CA92005E00BD /* resorts.json */; };
		89ADAAB227A7CC81005E00BD /* Resort.swift in Sources */ = {isa = PBXBuildFile; fileRef = 89ADAAB127A7CC81005E00BD /* Resort.swift */; };
		89ADAAB427A7CD70005E00BD /* Bundle-Decodable.swift in Sources */ = {isa = PBXBuildFile; fileRef = 89ADAAB327A7CD70005E00BD /* Bundle-Decodable.swift */; };
		89ADAAB627A7F1EC005E00BD /* WelcomeView.swift in Sources */ = {isa = PBXBuildFile; fileRef = 89ADAAB527A7F1EC005E00BD /* WelcomeView.swift */; };
		89ADAAB927A825DF005E00BD /* ResortView.swift in Sources */ = {isa = PBXBuildFile; fileRef = 89ADAAB827A825DF005E00BD /* ResortView.swift */; };
		89ADAABB27A827C8005E00BD /* SkiDetailsView.swift in Sources */ = {isa = PBXBuildFile; fileRef = 89ADAABA27A827C8005E00BD /* SkiDetailsView.swift */; };
		89ADAABD27A828FE005E00BD /* ResortDetailsView.swift in Sources */ = {isa = PBXBuildFile; fileRef = 89ADAABC27A828FE005E00BD /* ResortDetailsView.swift */; };
		89DE925227A8497900C719CB /* Favorites.swift in Sources */ = {isa = PBXBuildFile; fileRef = 89DE925127A8497900C719CB /* Favorites.swift */; };
/* End PBXBuildFile section */

/* Begin PBXFileReference section */
		89ABB67127A83C4700CF041E /* Facility.swift */ = {isa = PBXFileReference; lastKnownFileType = sourcecode.swift; path = Facility.swift; sourceTree = "<group>"; };
		89ADAA9E27A66AB4005E00BD /* SnowSeeker.app */ = {isa = PBXFileReference; explicitFileType = wrapper.application; includeInIndex = 0; path = SnowSeeker.app; sourceTree = BUILT_PRODUCTS_DIR; };
		89ADAAA127A66AB4005E00BD /* SnowSeekerApp.swift */ = {isa = PBXFileReference; lastKnownFileType = sourcecode.swift; path = SnowSeekerApp.swift; sourceTree = "<group>"; };
		89ADAAA327A66AB4005E00BD /* ContentView.swift */ = {isa = PBXFileReference; lastKnownFileType = sourcecode.swift; path = ContentView.swift; sourceTree = "<group>"; };
		89ADAAA527A66AC0005E00BD /* Assets.xcassets */ = {isa = PBXFileReference; lastKnownFileType = folder.assetcatalog; path = Assets.xcassets; sourceTree = "<group>"; };
		89ADAAA827A66AC0005E00BD /* Preview Assets.xcassets */ = {isa = PBXFileReference; lastKnownFileType = folder.assetcatalog; path = "Preview Assets.xcassets"; sourceTree = "<group>"; };
		89ADAAAF27A7CA92005E00BD /* resorts.json */ = {isa = PBXFileReference; fileEncoding = 4; lastKnownFileType = text.json; path = resorts.json; sourceTree = "<group>"; };
		89ADAAB127A7CC81005E00BD /* Resort.swift */ = {isa = PBXFileReference; lastKnownFileType = sourcecode.swift; path = Resort.swift; sourceTree = "<group>"; };
		89ADAAB327A7CD70005E00BD /* Bundle-Decodable.swift */ = {isa = PBXFileReference; lastKnownFileType = sourcecode.swift; path = "Bundle-Decodable.swift"; sourceTree = "<group>"; };
		89ADAAB527A7F1EC005E00BD /* WelcomeView.swift */ = {isa = PBXFileReference; lastKnownFileType = sourcecode.swift; path = WelcomeView.swift; sourceTree = "<group>"; };
		89ADAAB727A8193B005E00BD /* MyPlayground.playground */ = {isa = PBXFileReference; lastKnownFileType = file.playground; path = MyPlayground.playground; sourceTree = "<group>"; xcLanguageSpecificationIdentifier = xcode.lang.swift; };
		89ADAAB827A825DF005E00BD /* ResortView.swift */ = {isa = PBXFileReference; lastKnownFileType = sourcecode.swift; path = ResortView.swift; sourceTree = "<group>"; };
		89ADAABA27A827C8005E00BD /* SkiDetailsView.swift */ = {isa = PBXFileReference; lastKnownFileType = sourcecode.swift; path = SkiDetailsView.swift; sourceTree = "<group>"; };
		89ADAABC27A828FE005E00BD /* ResortDetailsView.swift */ = {isa = PBXFileReference; lastKnownFileType = sourcecode.swift; path = ResortDetailsView.swift; sourceTree = "<group>"; };
		89DE925127A8497900C719CB /* Favorites.swift */ = {isa = PBXFileReference; lastKnownFileType = sourcecode.swift; path = Favorites.swift; sourceTree = "<group>"; };
/* End PBXFileReference section */

/* Begin PBXFrameworksBuildPhase section */
		89ADAA9B27A66AB4005E00BD /* Frameworks */ = {
			isa = PBXFrameworksBuildPhase;
			buildActionMask = 2147483647;
			files = (
			);
			runOnlyForDeploymentPostprocessing = 0;
		};
/* End PBXFrameworksBuildPhase section */

/* Begin PBXGroup section */
		8923DED727A90817008676C2 /* Model */ = {
			isa = PBXGroup;
			children = (
				89DE925127A8497900C719CB /* Favorites.swift */,
				89ABB67127A83C4700CF041E /* Facility.swift */,
				89ADAAB127A7CC81005E00BD /* Resort.swift */,
			);
			path = Model;
			sourceTree = "<group>";
		};
		8923DED827A90822008676C2 /* View */ = {
			isa = PBXGroup;
			children = (
				89ADAAA327A66AB4005E00BD /* ContentView.swift */,
				89ADAABA27A827C8005E00BD /* SkiDetailsView.swift */,
				89ADAABC27A828FE005E00BD /* ResortDetailsView.swift */,
				89ADAAB827A825DF005E00BD /* ResortView.swift */,
				89ADAAB527A7F1EC005E00BD /* WelcomeView.swift */,
			);
			path = View;
			sourceTree = "<group>";
		};
		8923DED927A90836008676C2 /* Data */ = {
			isa = PBXGroup;
			children = (
				89ADAAAF27A7CA92005E00BD /* resorts.json */,
				89ADAAB327A7CD70005E00BD /* Bundle-Decodable.swift */,
			);
			path = Data;
			sourceTree = "<group>";
		};
		8923DEDA27A9083F008676C2 /* App */ = {
			isa = PBXGroup;
			children = (
				89ADAAA127A66AB4005E00BD /* SnowSeekerApp.swift */,
				89ADAAA527A66AC0005E00BD /* Assets.xcassets */,
			);
			path = App;
			sourceTree = "<group>";
		};
		89ADAA9527A66AB4005E00BD = {
			isa = PBXGroup;
			children = (
				89ADAAA027A66AB4005E00BD /* SnowSeeker */,
				89ADAA9F27A66AB4005E00BD /* Products */,
			);
			sourceTree = "<group>";
		};
		89ADAA9F27A66AB4005E00BD /* Products */ = {
			isa = PBXGroup;
			children = (
				89ADAA9E27A66AB4005E00BD /* SnowSeeker.app */,
			);
			name = Products;
			sourceTree = "<group>";
		};
		89ADAAA027A66AB4005E00BD /* SnowSeeker */ = {
			isa = PBXGroup;
			children = (
				89ADAAA727A66AC0005E00BD /* Preview Content */,
				8923DEDA27A9083F008676C2 /* App */,
				8923DED827A90822008676C2 /* View */,
				8923DED727A90817008676C2 /* Model */,
				89ADAAB727A8193B005E00BD /* MyPlayground.playground */,
				8923DED927A90836008676C2 /* Data */,
			);
			path = SnowSeeker;
			sourceTree = "<group>";
		};
		89ADAAA727A66AC0005E00BD /* Preview Content */ = {
			isa = PBXGroup;
			children = (
				89ADAAA827A66AC0005E00BD /* Preview Assets.xcassets */,
			);
			path = "Preview Content";
			sourceTree = "<group>";
		};
/* End PBXGroup section */

/* Begin PBXNativeTarget section */
		89ADAA9D27A66AB4005E00BD /* SnowSeeker */ = {
			isa = PBXNativeTarget;
			buildConfigurationList = 89ADAAAC27A66AC0005E00BD /* Build configuration list for PBXNativeTarget "SnowSeeker" */;
			buildPhases = (
				89ADAA9A27A66AB4005E00BD /* Sources */,
				89ADAA9B27A66AB4005E00BD /* Frameworks */,
				89ADAA9C27A66AB4005E00BD /* Resources */,
			);
			buildRules = (
			);
			dependencies = (
			);
			name = SnowSeeker;
			productName = SnowSeeker;
			productReference = 89ADAA9E27A66AB4005E00BD /* SnowSeeker.app */;
			productType = "com.apple.product-type.application";
		};
/* End PBXNativeTarget section */

/* Begin PBXProject section */
		89ADAA9627A66AB4005E00BD /* Project object */ = {
			isa = PBXProject;
			attributes = {
				BuildIndependentTargetsInParallel = 1;
				LastSwiftUpdateCheck = 1310;
				LastUpgradeCheck = 1310;
				TargetAttributes = {
					89ADAA9D27A66AB4005E00BD = {
						CreatedOnToolsVersion = 13.1;
					};
				};
			};
			buildConfigurationList = 89ADAA9927A66AB4005E00BD /* Build configuration list for PBXProject "SnowSeeker" */;
			compatibilityVersion = "Xcode 13.0";
			developmentRegion = en;
			hasScannedForEncodings = 0;
			knownRegions = (
				en,
				Base,
			);
			mainGroup = 89ADAA9527A66AB4005E00BD;
			productRefGroup = 89ADAA9F27A66AB4005E00BD /* Products */;
			projectDirPath = "";
			projectRoot = "";
			targets = (
				89ADAA9D27A66AB4005E00BD /* SnowSeeker */,
			);
		};
/* End PBXProject section */

/* Begin PBXResourcesBuildPhase section */
		89ADAA9C27A66AB4005E00BD /* Resources */ = {
			isa = PBXResourcesBuildPhase;
			buildActionMask = 2147483647;
			files = (
				89ADAAB027A7CA92005E00BD /* resorts.json in Resources */,
				89ADAAA927A66AC0005E00BD /* Preview Assets.xcassets in Resources */,
				89ADAAA627A66AC0005E00BD /* Assets.xcassets in Resources */,
			);
			runOnlyForDeploymentPostprocessing = 0;
		};
/* End PBXResourcesBuildPhase section */

/* Begin PBXSourcesBuildPhase section */
		89ADAA9A27A66AB4005E00BD /* Sources */ = {
			isa = PBXSourcesBuildPhase;
			buildActionMask = 2147483647;
			files = (
				89ADAAB627A7F1EC005E00BD /* WelcomeView.swift in Sources */,
				89ADAABB27A827C8005E00BD /* SkiDetailsView.swift in Sources */,
				89ADAABD27A828FE005E00BD /* ResortDetailsView.swift in Sources */,
				89DE925227A8497900C719CB /* Favorites.swift in Sources */,
				89ABB67227A83C4700CF041E /* Facility.swift in Sources */,
				89ADAAA427A66AB4005E00BD /* ContentView.swift in Sources */,
				89ADAAB227A7CC81005E00BD /* Resort.swift in Sources */,
				89ADAAB927A825DF005E00BD /* ResortView.swift in Sources */,
				89ADAAA227A66AB4005E00BD /* SnowSeekerApp.swift in Sources */,
				89ADAAB427A7CD70005E00BD /* Bundle-Decodable.swift in Sources */,
			);
			runOnlyForDeploymentPostprocessing = 0;
		};
/* End PBXSourcesBuildPhase section */

/* Begin XCBuildConfiguration section */
		89ADAAAA27A66AC0005E00BD /* Debug */ = {
			isa = XCBuildConfiguration;
			buildSettings = {
				ALWAYS_SEARCH_USER_PATHS = NO;
				CLANG_ANALYZER_NONNULL = YES;
				CLANG_ANALYZER_NUMBER_OBJECT_CONVERSION = YES_AGGRESSIVE;
				CLANG_CXX_LANGUAGE_STANDARD = "gnu++17";
				CLANG_CXX_LIBRARY = "libc++";
				CLANG_ENABLE_MODULES = YES;
				CLANG_ENABLE_OBJC_ARC = YES;
				CLANG_ENABLE_OBJC_WEAK = YES;
				CLANG_WARN_BLOCK_CAPTURE_AUTORELEASING = YES;
				CLANG_WARN_BOOL_CONVERSION = YES;
				CLANG_WARN_COMMA = YES;
				CLANG_WARN_CONSTANT_CONVERSION = YES;
				CLANG_WARN_DEPRECATED_OBJC_IMPLEMENTATIONS = YES;
				CLANG_WARN_DIRECT_OBJC_ISA_USAGE = YES_ERROR;
				CLANG_WARN_DOCUMENTATION_COMMENTS = YES;
				CLANG_WARN_EMPTY_BODY = YES;
				CLANG_WARN_ENUM_CONVERSION = YES;
				CLANG_WARN_INFINITE_RECURSION = YES;
				CLANG_WARN_INT_CONVERSION = YES;
				CLANG_WARN_NON_LITERAL_NULL_CONVERSION = YES;
				CLANG_WARN_OBJC_IMPLICIT_RETAIN_SELF = YES;
				CLANG_WARN_OBJC_LITERAL_CONVERSION = YES;
				CLANG_WARN_OBJC_ROOT_CLASS = YES_ERROR;
				CLANG_WARN_QUOTED_INCLUDE_IN_FRAMEWORK_HEADER = YES;
				CLANG_WARN_RANGE_LOOP_ANALYSIS = YES;
				CLANG_WARN_STRICT_PROTOTYPES = YES;
				CLANG_WARN_SUSPICIOUS_MOVE = YES;
				CLANG_WARN_UNGUARDED_AVAILABILITY = YES_AGGRESSIVE;
				CLANG_WARN_UNREACHABLE_CODE = YES;
				CLANG_WARN__DUPLICATE_METHOD_MATCH = YES;
				COPY_PHASE_STRIP = NO;
				DEBUG_INFORMATION_FORMAT = dwarf;
				ENABLE_STRICT_OBJC_MSGSEND = YES;
				ENABLE_TESTABILITY = YES;
				GCC_C_LANGUAGE_STANDARD = gnu11;
				GCC_DYNAMIC_NO_PIC = NO;
				GCC_NO_COMMON_BLOCKS = YES;
				GCC_OPTIMIZATION_LEVEL = 0;
				GCC_PREPROCESSOR_DEFINITIONS = (
					"DEBUG=1",
					"$(inherited)",
				);
				GCC_WARN_64_TO_32_BIT_CONVERSION = YES;
				GCC_WARN_ABOUT_RETURN_TYPE = YES_ERROR;
				GCC_WARN_UNDECLARED_SELECTOR = YES;
				GCC_WARN_UNINITIALIZED_AUTOS = YES_AGGRESSIVE;
				GCC_WARN_UNUSED_FUNCTION = YES;
				GCC_WARN_UNUSED_VARIABLE = YES;
				IPHONEOS_DEPLOYMENT_TARGET = 15.0;
				MTL_ENABLE_DEBUG_INFO = INCLUDE_SOURCE;
				MTL_FAST_MATH = YES;
				ONLY_ACTIVE_ARCH = YES;
				SDKROOT = iphoneos;
				SWIFT_ACTIVE_COMPILATION_CONDITIONS = DEBUG;
				SWIFT_OPTIMIZATION_LEVEL = "-Onone";
			};
			name = Debug;
		};
		89ADAAAB27A66AC0005E00BD /* Release */ = {
			isa = XCBuildConfiguration;
			buildSettings = {
				ALWAYS_SEARCH_USER_PATHS = NO;
				CLANG_ANALYZER_NONNULL = YES;
				CLANG_ANALYZER_NUMBER_OBJECT_CONVERSION = YES_AGGRESSIVE;
				CLANG_CXX_LANGUAGE_STANDARD = "gnu++17";
				CLANG_CXX_LIBRARY = "libc++";
				CLANG_ENABLE_MODULES = YES;
				CLANG_ENABLE_OBJC_ARC = YES;
				CLANG_ENABLE_OBJC_WEAK = YES;
				CLANG_WARN_BLOCK_CAPTURE_AUTORELEASING = YES;
				CLANG_WARN_BOOL_CONVERSION = YES;
				CLANG_WARN_COMMA = YES;
				CLANG_WARN_CONSTANT_CONVERSION = YES;
				CLANG_WARN_DEPRECATED_OBJC_IMPLEMENTATIONS = YES;
				CLANG_WARN_DIRECT_OBJC_ISA_USAGE = YES_ERROR;
				CLANG_WARN_DOCUMENTATION_COMMENTS = YES;
				CLANG_WARN_EMPTY_BODY = YES;
				CLANG_WARN_ENUM_CONVERSION = YES;
				CLANG_WARN_INFINITE_RECURSION = YES;
				CLANG_WARN_INT_CONVERSION = YES;
				CLANG_WARN_NON_LITERAL_NULL_CONVERSION = YES;
				CLANG_WARN_OBJC_IMPLICIT_RETAIN_SELF = YES;
				CLANG_WARN_OBJC_LITERAL_CONVERSION = YES;
				CLANG_WARN_OBJC_ROOT_CLASS = YES_ERROR;
				CLANG_WARN_QUOTED_INCLUDE_IN_FRAMEWORK_HEADER = YES;
				CLANG_WARN_RANGE_LOOP_ANALYSIS = YES;
				CLANG_WARN_STRICT_PROTOTYPES = YES;
				CLANG_WARN_SUSPICIOUS_MOVE = YES;
				CLANG_WARN_UNGUARDED_AVAILABILITY = YES_AGGRESSIVE;
				CLANG_WARN_UNREACHABLE_CODE = YES;
				CLANG_WARN__DUPLICATE_METHOD_MATCH = YES;
				COPY_PHASE_STRIP = NO;
				DEBUG_INFORMATION_FORMAT = "dwarf-with-dsym";
				ENABLE_NS_ASSERTIONS = NO;
				ENABLE_STRICT_OBJC_MSGSEND = YES;
				GCC_C_LANGUAGE_STANDARD = gnu11;
				GCC_NO_COMMON_BLOCKS = YES;
				GCC_WARN_64_TO_32_BIT_CONVERSION = YES;
				GCC_WARN_ABOUT_RETURN_TYPE = YES_ERROR;
				GCC_WARN_UNDECLARED_SELECTOR = YES;
				GCC_WARN_UNINITIALIZED_AUTOS = YES_AGGRESSIVE;
				GCC_WARN_UNUSED_FUNCTION = YES;
				GCC_WARN_UNUSED_VARIABLE = YES;
				IPHONEOS_DEPLOYMENT_TARGET = 15.0;
				MTL_ENABLE_DEBUG_INFO = NO;
				MTL_FAST_MATH = YES;
				SDKROOT = iphoneos;
				SWIFT_COMPILATION_MODE = wholemodule;
				SWIFT_OPTIMIZATION_LEVEL = "-O";
				VALIDATE_PRODUCT = YES;
			};
			name = Release;
		};
		89ADAAAD27A66AC0005E00BD /* Debug */ = {
			isa = XCBuildConfiguration;
			buildSettings = {
				ASSETCATALOG_COMPILER_APPICON_NAME = AppIcon;
				ASSETCATALOG_COMPILER_GLOBAL_ACCENT_COLOR_NAME = AccentColor;
				CODE_SIGN_STYLE = Automatic;
				CURRENT_PROJECT_VERSION = 1;
				DEVELOPMENT_ASSET_PATHS = "\"SnowSeeker/Preview Content\"";
				ENABLE_PREVIEWS = YES;
				GENERATE_INFOPLIST_FILE = YES;
				INFOPLIST_KEY_UIApplicationSceneManifest_Generation = YES;
				INFOPLIST_KEY_UIApplicationSupportsIndirectInputEvents = YES;
				INFOPLIST_KEY_UILaunchScreen_Generation = YES;
				INFOPLIST_KEY_UISupportedInterfaceOrientations_iPad = "UIInterfaceOrientationPortrait UIInterfaceOrientationPortraitUpsideDown UIInterfaceOrientationLandscapeLeft UIInterfaceOrientationLandscapeRight";
				INFOPLIST_KEY_UISupportedInterfaceOrientations_iPhone = "UIInterfaceOrientationPortrait UIInterfaceOrientationLandscapeLeft UIInterfaceOrientationLandscapeRight";
				LD_RUNPATH_SEARCH_PATHS = (
					"$(inherited)",
					"@executable_path/Frameworks",
				);
				MARKETING_VERSION = 1.0;
				PRODUCT_BUNDLE_IDENTIFIER = vainikkaxd.SnowSeeker;
				PRODUCT_NAME = "$(TARGET_NAME)";
				SWIFT_EMIT_LOC_STRINGS = YES;
				SWIFT_VERSION = 5.0;
				TARGETED_DEVICE_FAMILY = "1,2";
			};
			name = Debug;
		};
		89ADAAAE27A66AC0005E00BD /* Release */ = {
			isa = XCBuildConfiguration;
			buildSettings = {
				ASSETCATALOG_COMPILER_APPICON_NAME = AppIcon;
				ASSETCATALOG_COMPILER_GLOBAL_ACCENT_COLOR_NAME = AccentColor;
				CODE_SIGN_STYLE = Automatic;
				CURRENT_PROJECT_VERSION = 1;
				DEVELOPMENT_ASSET_PATHS = "\"SnowSeeker/Preview Content\"";
				ENABLE_PREVIEWS = YES;
				GENERATE_INFOPLIST_FILE = YES;
				INFOPLIST_KEY_UIApplicationSceneManifest_Generation = YES;
				INFOPLIST_KEY_UIApplicationSupportsIndirectInputEvents = YES;
				INFOPLIST_KEY_UILaunchScreen_Generation = YES;
				INFOPLIST_KEY_UISupportedInterfaceOrientations_iPad = "UIInterfaceOrientationPortrait UIInterfaceOrientationPortraitUpsideDown UIInterfaceOrientationLandscapeLeft UIInterfaceOrientationLandscapeRight";
				INFOPLIST_KEY_UISupportedInterfaceOrientations_iPhone = "UIInterfaceOrientationPortrait UIInterfaceOrientationLandscapeLeft UIInterfaceOrientationLandscapeRight";
				LD_RUNPATH_SEARCH_PATHS = (
					"$(inherited)",
					"@executable_path/Frameworks",
				);
				MARKETING_VERSION = 1.0;
				PRODUCT_BUNDLE_IDENTIFIER = vainikkaxd.SnowSeeker;
				PRODUCT_NAME = "$(TARGET_NAME)";
				SWIFT_EMIT_LOC_STRINGS = YES;
				SWIFT_VERSION = 5.0;
				TARGETED_DEVICE_FAMILY = "1,2";
			};
			name = Release;
		};
/* End XCBuildConfiguration section */

/* Begin XCConfigurationList section */
		89ADAA9927A66AB4005E00BD /* Build configuration list for PBXProject "SnowSeeker" */ = {
			isa = XCConfigurationList;
			buildConfigurations = (
				89ADAAAA27A66AC0005E00BD /* Debug */,
				89ADAAAB27A66AC0005E00BD /* Release */,
			);
			defaultConfigurationIsVisible = 0;
			defaultConfigurationName = Release;
		};
		89ADAAAC27A66AC0005E00BD /* Build configuration list for PBXNativeTarget "SnowSeeker" */ = {
			isa = XCConfigurationList;
			buildConfigurations = (
				89ADAAAD27A66AC0005E00BD /* Debug */,
				89ADAAAE27A66AC0005E00BD /* Release */,
			);
			defaultConfigurationIsVisible = 0;
			defaultConfigurationName = Release;
		};
/* End XCConfigurationList section */
	};
	rootObject = 89ADAA9627A66AB4005E00BD /* Project object */;
}
